Microsoft Visual Studio Solution File, Format Version 12.00
# Visual Studio Version 17
VisualStudioVersion = 17.5.2.0
MinimumVisualStudioVersion = 10.0.40219.1
Project("{FAE04EC0-301F-11D3-BF4B-00C04F79EFBC}") = "InvoicingSalesAnalysis", "InvoicingSalesAnalysis\InvoicingSalesAnalysis.csproj", "{9075CA67-8ACA-5448-B954-111AB91A2ABC}"
EndProject
Global
	GlobalSection(SolutionConfigurationPlatforms) = preSolution
		Debug|Any CPU = Debug|Any CPU
		Release|Any CPU = Release|Any CPU
	EndGlobalSection
	GlobalSection(ProjectConfigurationPlatforms) = postSolution
		{9075CA67-8ACA-5448-B954-111AB91A2ABC}.Debug|Any CPU.ActiveCfg = Debug|Any CPU
		{9075CA67-8ACA-5448-B954-111AB91A2ABC}.Debug|Any CPU.Build.0 = Debug|Any CPU
		{9075CA67-8ACA-5448-B954-111AB91A2ABC}.Release|Any CPU.ActiveCfg = Release|Any CPU
		{9075CA67-8ACA-5448-B954-111AB91A2ABC}.Release|Any CPU.Build.0 = Release|Any CPU
	EndGlobalSection
	GlobalSection(SolutionProperties) = preSolution
		HideSolutionNode = FALSE
	EndGlobalSection
	GlobalSection(ExtensibilityGlobals) = postSolution
		SolutionGuid = {3DEB0037-7714-44E0-B6F8-738F8389DF91}
	EndGlobalSection
EndGlobal
